{
  "pins" : [
    {
      "identity" : "bigint",
      "kind" : "remoteSourceControl",
      "location" : "https://github.com/attaswift/BigInt.git",
      "state" : {
        "revision" : "0ed110f7555c34ff468e72e1686e59721f2b0da6",
        "version" : "5.3.0"
      }
    },
    {
      "identity" : "zkp-client",
      "kind" : "remoteSourceControl",
      "location" : "https://github.com/Jranco/zkp-client",
      "state" : {
        "branch" : "main",
        "revision" : "64b12c718ffce81c2cdfdd3f304661ee20528532"
      }
    }
  ],
  "version" : 2
}
