{
  "originHash" : "102eca2eb37261041fa415f7d48d3010e9d2070fd3550b0f29d917ca63784140",
  "pins" : [
    {
      "identity" : "bigint",
      "kind" : "remoteSourceControl",
      "location" : "https://github.com/attaswift/BigInt.git",
      "state" : {
        "revision" : "0ed110f7555c34ff468e72e1686e59721f2b0da6",
        "version" : "5.3.0"
      }
    },
    {
      "identity" : "swiftcbor",
      "kind" : "remoteSourceControl",
      "location" : "https://github.com/valpackett/SwiftCBOR",
      "state" : {
        "branch" : "master",
        "revision" : "edc01765cf6b3685bb622bb09242ef5964fb991b"
      }
    },
    {
      "identity" : "zkp-client",
      "kind" : "remoteSourceControl",
      "location" : "https://github.com/Jranco/zkp-client",
      "state" : {
        "branch" : "main",
        "revision" : "cf0d6b6c6c0eb9e5dba2c553ddce4062e4a51171"
      }
    }
  ],
  "version" : 3
}
